
Microsoft Visual Studio Solution File, Format Version 12.00
# Visual Studio Version 17
VisualStudioVersion = 17.0.31903.59
MinimumVisualStudioVersion = 10.0.40219.1
Project("{FAE04EC0-301F-11D3-BF4B-00C04F79EFBC}") = "GoldMeridian.KeyGen", "GoldMeridian.KeyGen\GoldMeridian.KeyGen.csproj", "{7E66D900-93BE-411F-8ED4-1F2755F9160D}"
EndProject
Project("{FAE04EC0-301F-11D3-BF4B-00C04F79EFBC}") = "GoldMeridian.KeyGen.TestProject", "GoldMeridian.KeyGen.TestProject\GoldMeridian.KeyGen.TestProject.csproj", "{8E471A4C-AB7E-44AE-8BF7-34932A80B7BB}"
EndProject
Global
	GlobalSection(SolutionConfigurationPlatforms) = preSolution
		Debug|Any CPU = Debug|Any CPU
		Release|Any CPU = Release|Any CPU
	EndGlobalSection
	GlobalSection(SolutionProperties) = preSolution
		HideSolutionNode = FALSE
	EndGlobalSection
	GlobalSection(ProjectConfigurationPlatforms) = postSolution
		{7E66D900-93BE-411F-8ED4-1F2755F9160D}.Debug|Any CPU.ActiveCfg = Debug|Any CPU
		{7E66D900-93BE-411F-8ED4-1F2755F9160D}.Debug|Any CPU.Build.0 = Debug|Any CPU
		{7E66D900-93BE-411F-8ED4-1F2755F9160D}.Release|Any CPU.ActiveCfg = Release|Any CPU
		{7E66D900-93BE-411F-8ED4-1F2755F9160D}.Release|Any CPU.Build.0 = Release|Any CPU
		{8E471A4C-AB7E-44AE-8BF7-34932A80B7BB}.Debug|Any CPU.ActiveCfg = Debug|Any CPU
		{8E471A4C-AB7E-44AE-8BF7-34932A80B7BB}.Debug|Any CPU.Build.0 = Debug|Any CPU
		{8E471A4C-AB7E-44AE-8BF7-34932A80B7BB}.Release|Any CPU.ActiveCfg = Release|Any CPU
		{8E471A4C-AB7E-44AE-8BF7-34932A80B7BB}.Release|Any CPU.Build.0 = Release|Any CPU
	EndGlobalSection
EndGlobal
